
Microsoft Visual Studio Solution File, Format Version 12.00
# Visual Studio Version 16
VisualStudioVersion = 16.0.30907.101
MinimumVisualStudioVersion = 10.0.40219.1
Project("{FAE04EC0-301F-11D3-BF4B-00C04F79EFBC}") = "OpenCV_Test", "OpenCV_Test\OpenCV_Test.csproj", "{84E51AAE-465D-47A6-B5F1-BE927985C762}"
EndProject
Global
	GlobalSection(SolutionConfigurationPlatforms) = preSolution
		Debug|Any CPU = Debug|Any CPU
		Release|Any CPU = Release|Any CPU
	EndGlobalSection
	GlobalSection(ProjectConfigurationPlatforms) = postSolution
		{84E51AAE-465D-47A6-B5F1-BE927985C762}.Debug|Any CPU.ActiveCfg = Debug|Any CPU
		{84E51AAE-465D-47A6-B5F1-BE927985C762}.Debug|Any CPU.Build.0 = Debug|Any CPU
		{84E51AAE-465D-47A6-B5F1-BE927985C762}.Release|Any CPU.ActiveCfg = Release|Any CPU
		{84E51AAE-465D-47A6-B5F1-BE927985C762}.Release|Any CPU.Build.0 = Release|Any CPU
	EndGlobalSection
	GlobalSection(SolutionProperties) = preSolution
		HideSolutionNode = FALSE
	EndGlobalSection
	GlobalSection(ExtensibilityGlobals) = postSolution
		SolutionGuid = {AEBF7D63-6296-4445-A2B7-B23E9D723CBB}
	EndGlobalSection
EndGlobal
